
Microsoft Visual Studio Solution File, Format Version 12.00
# Visual Studio 15
VisualStudioVersion = 15.0.26730.16
MinimumVisualStudioVersion = 10.0.40219.1
Project("{FAE04EC0-301F-11D3-BF4B-00C04F79EFBC}") = "InformatikNet", "InformatikNet\InformatikNet.csproj", "{9CECD381-90E9-4A29-994A-DA71BCF4EFFF}"
EndProject
Project("{FAE04EC0-301F-11D3-BF4B-00C04F79EFBC}") = "InformatikNet.Tests", "InformatikNet.Tests\InformatikNet.Tests.csproj", "{6F2C406E-E2AD-404E-9C2A-B6C465BDC9A6}"
EndProject
Global
	GlobalSection(SolutionConfigurationPlatforms) = preSolution
		Debug|Any CPU = Debug|Any CPU
		Release|Any CPU = Release|Any CPU
	EndGlobalSection
	GlobalSection(ProjectConfigurationPlatforms) = postSolution
		{9CECD381-90E9-4A29-994A-DA71BCF4EFFF}.Debug|Any CPU.ActiveCfg = Debug|Any CPU
		{9CECD381-90E9-4A29-994A-DA71BCF4EFFF}.Debug|Any CPU.Build.0 = Debug|Any CPU
		{9CECD381-90E9-4A29-994A-DA71BCF4EFFF}.Release|Any CPU.ActiveCfg = Release|Any CPU
		{9CECD381-90E9-4A29-994A-DA71BCF4EFFF}.Release|Any CPU.Build.0 = Release|Any CPU
		{6F2C406E-E2AD-404E-9C2A-B6C465BDC9A6}.Debug|Any CPU.ActiveCfg = Debug|Any CPU
		{6F2C406E-E2AD-404E-9C2A-B6C465BDC9A6}.Debug|Any CPU.Build.0 = Debug|Any CPU
		{6F2C406E-E2AD-404E-9C2A-B6C465BDC9A6}.Release|Any CPU.ActiveCfg = Release|Any CPU
		{6F2C406E-E2AD-404E-9C2A-B6C465BDC9A6}.Release|Any CPU.Build.0 = Release|Any CPU
	EndGlobalSection
	GlobalSection(SolutionProperties) = preSolution
		HideSolutionNode = FALSE
	EndGlobalSection
	GlobalSection(ExtensibilityGlobals) = postSolution
		SolutionGuid = {A9D650AC-0E84-4BCC-8C76-9AE9E57CB13A}
	EndGlobalSection
EndGlobal
